// !$*UTF8*$!
{
	archiveVersion = 1;
	classes = {
	};
	objectVersion = 46;
	objects = {

/* Begin PBXBuildFile section */
		773AB0DE19CF24BC009B46BA /* main.m in Sources */ = {isa = PBXBuildFile; fileRef = 773AB0DD19CF24BC009B46BA /* main.m */; };
		773AB0E119CF24BC009B46BA /* AppDelegate.m in Sources */ = {isa = PBXBuildFile; fileRef = 773AB0E019CF24BC009B46BA /* AppDelegate.m */; };
		773AB0E419CF24BC009B46BA /* ViewController.m in Sources */ = {isa = PBXBuildFile; fileRef = 773AB0E319CF24BC009B46BA /* ViewController.m */; };
		773AB0E719CF24BC009B46BA /* Main.storyboard in Resources */ = {isa = PBXBuildFile; fileRef = 773AB0E519CF24BC009B46BA /* Main.storyboard */; };
		773AB0E919CF24BC009B46BA /* Images.xcassets in Resources */ = {isa = PBXBuildFile; fileRef = 773AB0E819CF24BC009B46BA /* Images.xcassets */; };
		773AB0EC19CF24BC009B46BA /* LaunchScreen.xib in Resources */ = {isa = PBXBuildFile; fileRef = 773AB0EA19CF24BC009B46BA /* LaunchScreen.xib */; };
		773AB0F819CF24BC009B46BA /* IntegrationSNS_iPadTests.m in Sources */ = {isa = PBXBuildFile; fileRef = 773AB0F719CF24BC009B46BA /* IntegrationSNS_iPadTests.m */; };
		773AB10419CF251D009B46BA /* Accounts.framework in Frameworks */ = {isa = PBXBuildFile; fileRef = 773AB10319CF251D009B46BA /* Accounts.framework */; };
		773AB10619CF2525009B46BA /* Social.framework in Frameworks */ = {isa = PBXBuildFile; fileRef = 773AB10519CF2525009B46BA /* Social.framework */; };
		77F2521719CF31C100DC9DEF /* MODropAlertView.m in Sources */ = {isa = PBXBuildFile; fileRef = 77F2521419CF31C100DC9DEF /* MODropAlertView.m */; };
		77F2521819CF31C100DC9DEF /* UIImage+ImageEffects.m in Sources */ = {isa = PBXBuildFile; fileRef = 77F2521619CF31C100DC9DEF /* UIImage+ImageEffects.m */; };
		77F916D419DFE99500F26D7F /* icon-error.png in Resources */ = {isa = PBXBuildFile; fileRef = 77F916CB19DFE99500F26D7F /* icon-error.png */; };
		77F916D519DFE99500F26D7F /* icon-error@2x.png in Resources */ = {isa = PBXBuildFile; fileRef = 77F916CC19DFE99500F26D7F /* icon-error@2x.png */; };
		77F916D619DFE99500F26D7F /* icon-info.png in Resources */ = {isa = PBXBuildFile; fileRef = 77F916CD19DFE99500F26D7F /* icon-info.png */; };
		77F916D719DFE99500F26D7F /* icon-info@2x.png in Resources */ = {isa = PBXBuildFile; fileRef = 77F916CE19DFE99500F26D7F /* icon-info@2x.png */; };
		77F916D819DFE99500F26D7F /* icon-success.png in Resources */ = {isa = PBXBuildFile; fileRef = 77F916CF19DFE99500F26D7F /* icon-success.png */; };
		77F916D919DFE99500F26D7F /* icon-success@2x.png in Resources */ = {isa = PBXBuildFile; fileRef = 77F916D019DFE99500F26D7F /* icon-success@2x.png */; };
		77F916DA19DFE99500F26D7F /* TWMessageBarManager.m in Sources */ = {isa = PBXBuildFile; fileRef = 77F916D219DFE99500F26D7F /* TWMessageBarManager.m */; };
		77F916DB19DFE99500F26D7F /* TWMessageBarManager.podspec in Resources */ = {isa = PBXBuildFile; fileRef = 77F916D319DFE99500F26D7F /* TWMessageBarManager.podspec */; };
		77F916DF19E00CE700F26D7F /* Reachability.m in Sources */ = {isa = PBXBuildFile; fileRef = 77F916DE19E00CE700F26D7F /* Reachability.m */; };
		77F916E119E00CF400F26D7F /* SystemConfiguration.framework in Frameworks */ = {isa = PBXBuildFile; fileRef = 77F916E019E00CF400F26D7F /* SystemConfiguration.framework */; };
/* End PBXBuildFile section */

/* Begin PBXContainerItemProxy section */
		773AB0F219CF24BC009B46BA /* PBXContainerItemProxy */ = {
			isa = PBXContainerItemProxy;
			containerPortal = 773AB0D019CF24BC009B46BA /* Project object */;
			proxyType = 1;
			remoteGlobalIDString = 773AB0D719CF24BC009B46BA;
			remoteInfo = "IntegrationSNS-iPad";
		};
/* End PBXContainerItemProxy section */

/* Begin PBXFileReference section */
		773AB0D819CF24BC009B46BA /* IntegrationSNS-iPad.app */ = {isa = PBXFileReference; explicitFileType = wrapper.application; includeInIndex = 0; path = "IntegrationSNS-iPad.app"; sourceTree = BUILT_PRODUCTS_DIR; };
		773AB0DC19CF24BC009B46BA /* Info.plist */ = {isa = PBXFileReference; lastKnownFileType = text.plist.xml; path = Info.plist; sourceTree = "<group>"; };
		773AB0DD19CF24BC009B46BA /* main.m */ = {isa = PBXFileReference; lastKnownFileType = sourcecode.c.objc; path = main.m; sourceTree = "<group>"; };
		773AB0DF19CF24BC009B46BA /* AppDelegate.h */ = {isa = PBXFileReference; lastKnownFileType = sourcecode.c.h; path = AppDelegate.h; sourceTree = "<group>"; };
		773AB0E019CF24BC009B46BA /* AppDelegate.m */ = {isa = PBXFileReference; lastKnownFileType = sourcecode.c.objc; path = AppDelegate.m; sourceTree = "<group>"; };
		773AB0E219CF24BC009B46BA /* ViewController.h */ = {isa = PBXFileReference; lastKnownFileType = sourcecode.c.h; path = ViewController.h; sourceTree = "<group>"; };
		773AB0E319CF24BC009B46BA /* ViewController.m */ = {isa = PBXFileReference; lastKnownFileType = sourcecode.c.objc; path = ViewController.m; sourceTree = "<group>"; };
		773AB0E619CF24BC009B46BA /* Base */ = {isa = PBXFileReference; lastKnownFileType = file.storyboard; name = Base; path = Base.lproj/Main.storyboard; sourceTree = "<group>"; };
		773AB0E819CF24BC009B46BA /* Images.xcassets */ = {isa = PBXFileReference; lastKnownFileType = folder.assetcatalog; path = Images.xcassets; sourceTree = "<group>"; };
		773AB0EB19CF24BC009B46BA /* Base */ = {isa = PBXFileReference; lastKnownFileType = file.xib; name = Base; path = Base.lproj/LaunchScreen.xib; sourceTree = "<group>"; };
		773AB0F119CF24BC009B46BA /* IntegrationSNS-iPadTests.xctest */ = {isa = PBXFileReference; explicitFileType = wrapper.cfbundle; includeInIndex = 0; path = "IntegrationSNS-iPadTests.xctest"; sourceTree = BUILT_PRODUCTS_DIR; };
		773AB0F619CF24BC009B46BA /* Info.plist */ = {isa = PBXFileReference; lastKnownFileType = text.plist.xml; path = Info.plist; sourceTree = "<group>"; };
		773AB0F719CF24BC009B46BA /* IntegrationSNS_iPadTests.m */ = {isa = PBXFileReference; lastKnownFileType = sourcecode.c.objc; path = IntegrationSNS_iPadTests.m; sourceTree = "<group>"; };
		773AB10319CF251D009B46BA /* Accounts.framework */ = {isa = PBXFileReference; lastKnownFileType = wrapper.framework; name = Accounts.framework; path = System/Library/Frameworks/Accounts.framework; sourceTree = SDKROOT; };
		773AB10519CF2525009B46BA /* Social.framework */ = {isa = PBXFileReference; lastKnownFileType = wrapper.framework; name = Social.framework; path = System/Library/Frameworks/Social.framework; sourceTree = SDKROOT; };
		77D4D13A19D0612300A5BA35 /* IntegrationSNS-iPad.entitlements */ = {isa = PBXFileReference; lastKnownFileType = text.xml; path = "IntegrationSNS-iPad.entitlements"; sourceTree = "<group>"; };
		77F2521319CF31C100DC9DEF /* MODropAlertView.h */ = {isa = PBXFileReference; fileEncoding = 4; lastKnownFileType = sourcecode.c.h; path = MODropAlertView.h; sourceTree = "<group>"; };
		77F2521419CF31C100DC9DEF /* MODropAlertView.m */ = {isa = PBXFileReference; fileEncoding = 4; lastKnownFileType = sourcecode.c.objc; path = MODropAlertView.m; sourceTree = "<group>"; };
		77F2521519CF31C100DC9DEF /* UIImage+ImageEffects.h */ = {isa = PBXFileReference; fileEncoding = 4; lastKnownFileType = sourcecode.c.h; path = "UIImage+ImageEffects.h"; sourceTree = "<group>"; };
		77F2521619CF31C100DC9DEF /* UIImage+ImageEffects.m */ = {isa = PBXFileReference; fileEncoding = 4; lastKnownFileType = sourcecode.c.objc; path = "UIImage+ImageEffects.m"; sourceTree = "<group>"; };
		77F916CB19DFE99500F26D7F /* icon-error.png */ = {isa = PBXFileReference; lastKnownFileType = image.png; path = "icon-error.png"; sourceTree = "<group>"; };
		77F916CC19DFE99500F26D7F /* icon-error@2x.png */ = {isa = PBXFileReference; lastKnownFileType = image.png; path = "icon-error@2x.png"; sourceTree = "<group>"; };
		77F916CD19DFE99500F26D7F /* icon-info.png */ = {isa = PBXFileReference; lastKnownFileType = image.png; path = "icon-info.png"; sourceTree = "<group>"; };
		77F916CE19DFE99500F26D7F /* icon-info@2x.png */ = {isa = PBXFileReference; lastKnownFileType = image.png; path = "icon-info@2x.png"; sourceTree = "<group>"; };
		77F916CF19DFE99500F26D7F /* icon-success.png */ = {isa = PBXFileReference; lastKnownFileType = image.png; path = "icon-success.png"; sourceTree = "<group>"; };
		77F916D019DFE99500F26D7F /* icon-success@2x.png */ = {isa = PBXFileReference; lastKnownFileType = image.png; path = "icon-success@2x.png"; sourceTree = "<group>"; };
		77F916D119DFE99500F26D7F /* TWMessageBarManager.h */ = {isa = PBXFileReference; fileEncoding = 4; lastKnownFileType = sourcecode.c.h; path = TWMessageBarManager.h; sourceTree = "<group>"; };
		77F916D219DFE99500F26D7F /* TWMessageBarManager.m */ = {isa = PBXFileReference; fileEncoding = 4; lastKnownFileType = sourcecode.c.objc; path = TWMessageBarManager.m; sourceTree = "<group>"; };
		77F916D319DFE99500F26D7F /* TWMessageBarManager.podspec */ = {isa = PBXFileReference; fileEncoding = 4; lastKnownFileType = text; path = TWMessageBarManager.podspec; sourceTree = "<group>"; };
		77F916DD19E00CE700F26D7F /* Reachability.h */ = {isa = PBXFileReference; fileEncoding = 4; lastKnownFileType = sourcecode.c.h; path = Reachability.h; sourceTree = "<group>"; };
		77F916DE19E00CE700F26D7F /* Reachability.m */ = {isa = PBXFileReference; fileEncoding = 4; lastKnownFileType = sourcecode.c.objc; path = Reachability.m; sourceTree = "<group>"; };
		77F916E019E00CF400F26D7F /* SystemConfiguration.framework */ = {isa = PBXFileReference; lastKnownFileType = wrapper.framework; name = SystemConfiguration.framework; path = System/Library/Frameworks/SystemConfiguration.framework; sourceTree = SDKROOT; };
/* End PBXFileReference section */

/* Begin PBXFrameworksBuildPhase section */
		773AB0D519CF24BC009B46BA /* Frameworks */ = {
			isa = PBXFrameworksBuildPhase;
			buildActionMask = 2147483647;
			files = (
				77F916E119E00CF400F26D7F /* SystemConfiguration.framework in Frameworks */,
				773AB10619CF2525009B46BA /* Social.framework in Frameworks */,
				773AB10419CF251D009B46BA /* Accounts.framework in Frameworks */,
			);
			runOnlyForDeploymentPostprocessing = 0;
		};
		773AB0EE19CF24BC009B46BA /* Frameworks */ = {
			isa = PBXFrameworksBuildPhase;
			buildActionMask = 2147483647;
			files = (
			);
			runOnlyForDeploymentPostprocessing = 0;
		};
/* End PBXFrameworksBuildPhase section */

/* Begin PBXGroup section */
		773AB0CF19CF24BC009B46BA = {
			isa = PBXGroup;
			children = (
				77F916E319E00D6800F26D7F /* Framework */,
				77F916E219E00D3B00F26D7F /* Reachability */,
				77F916DC19E009A700F26D7F /* AlertClass */,
				773AB0DA19CF24BC009B46BA /* IntegrationSNS-iPad */,
				773AB0F419CF24BC009B46BA /* IntegrationSNS-iPadTests */,
				773AB0D919CF24BC009B46BA /* Products */,
				773AB0DB19CF24BC009B46BA /* Supporting Files */,
			);
			sourceTree = "<group>";
		};
		773AB0D919CF24BC009B46BA /* Products */ = {
			isa = PBXGroup;
			children = (
				773AB0D819CF24BC009B46BA /* IntegrationSNS-iPad.app */,
				773AB0F119CF24BC009B46BA /* IntegrationSNS-iPadTests.xctest */,
			);
			name = Products;
			sourceTree = "<group>";
		};
		773AB0DA19CF24BC009B46BA /* IntegrationSNS-iPad */ = {
			isa = PBXGroup;
			children = (
				773AB0EA19CF24BC009B46BA /* LaunchScreen.xib */,
				773AB0E519CF24BC009B46BA /* Main.storyboard */,
				773AB0DF19CF24BC009B46BA /* AppDelegate.h */,
				773AB0E019CF24BC009B46BA /* AppDelegate.m */,
				773AB0E219CF24BC009B46BA /* ViewController.h */,
				773AB0E319CF24BC009B46BA /* ViewController.m */,
			);
			path = "IntegrationSNS-iPad";
			sourceTree = "<group>";
		};
		773AB0DB19CF24BC009B46BA /* Supporting Files */ = {
			isa = PBXGroup;
			children = (
				773AB0E819CF24BC009B46BA /* Images.xcassets */,
				77D4D13A19D0612300A5BA35 /* IntegrationSNS-iPad.entitlements */,
				773AB0DC19CF24BC009B46BA /* Info.plist */,
				773AB0DD19CF24BC009B46BA /* main.m */,
			);
			name = "Supporting Files";
			path = "IntegrationSNS-iPad";
			sourceTree = "<group>";
		};
		773AB0F419CF24BC009B46BA /* IntegrationSNS-iPadTests */ = {
			isa = PBXGroup;
			children = (
				773AB0F719CF24BC009B46BA /* IntegrationSNS_iPadTests.m */,
				773AB0F519CF24BC009B46BA /* Supporting Files */,
			);
			path = "IntegrationSNS-iPadTests";
			sourceTree = "<group>";
		};
		773AB0F519CF24BC009B46BA /* Supporting Files */ = {
			isa = PBXGroup;
			children = (
				773AB10519CF2525009B46BA /* Social.framework */,
				773AB10319CF251D009B46BA /* Accounts.framework */,
				773AB0F619CF24BC009B46BA /* Info.plist */,
			);
			name = "Supporting Files";
			sourceTree = "<group>";
		};
		77F2521219CF31C100DC9DEF /* MODropAlert */ = {
			isa = PBXGroup;
			children = (
				77F2521319CF31C100DC9DEF /* MODropAlertView.h */,
				77F2521419CF31C100DC9DEF /* MODropAlertView.m */,
				77F2521519CF31C100DC9DEF /* UIImage+ImageEffects.h */,
				77F2521619CF31C100DC9DEF /* UIImage+ImageEffects.m */,
			);
			path = MODropAlert;
			sourceTree = "<group>";
		};
		77F916C919DFE99500F26D7F /* TMMessegeBarManager */ = {
			isa = PBXGroup;
			children = (
				77F916CA19DFE99500F26D7F /* Icons */,
				77F916D119DFE99500F26D7F /* TWMessageBarManager.h */,
				77F916D219DFE99500F26D7F /* TWMessageBarManager.m */,
				77F916D319DFE99500F26D7F /* TWMessageBarManager.podspec */,
			);
			name = TMMessegeBarManager;
			path = ../Classes;
			sourceTree = "<group>";
		};
		77F916CA19DFE99500F26D7F /* Icons */ = {
			isa = PBXGroup;
			children = (
				77F916CB19DFE99500F26D7F /* icon-error.png */,
				77F916CC19DFE99500F26D7F /* icon-error@2x.png */,
				77F916CD19DFE99500F26D7F /* icon-info.png */,
				77F916CE19DFE99500F26D7F /* icon-info@2x.png */,
				77F916CF19DFE99500F26D7F /* icon-success.png */,
				77F916D019DFE99500F26D7F /* icon-success@2x.png */,
			);
			path = Icons;
			sourceTree = "<group>";
		};
		77F916DC19E009A700F26D7F /* AlertClass */ = {
			isa = PBXGroup;
			children = (
				77F916C919DFE99500F26D7F /* TMMessegeBarManager */,
				77F2521219CF31C100DC9DEF /* MODropAlert */,
			);
			name = AlertClass;
			path = "IntegrationSNS-iPad";
			sourceTree = "<group>";
		};
		77F916E219E00D3B00F26D7F /* Reachability */ = {
			isa = PBXGroup;
			children = (
				77F916DD19E00CE700F26D7F /* Reachability.h */,
				77F916DE19E00CE700F26D7F /* Reachability.m */,
			);
			name = Reachability;
			sourceTree = "<group>";
		};
		77F916E319E00D6800F26D7F /* Framework */ = {
			isa = PBXGroup;
			children = (
				77F916E019E00CF400F26D7F /* SystemConfiguration.framework */,
			);
			name = Framework;
			path = "IntegrationSNS-iPad";
			sourceTree = "<group>";
		};
/* End PBXGroup section */

/* Begin PBXNativeTarget section */
		773AB0D719CF24BC009B46BA /* IntegrationSNS-iPad */ = {
			isa = PBXNativeTarget;
			buildConfigurationList = 773AB0FB19CF24BC009B46BA /* Build configuration list for PBXNativeTarget "IntegrationSNS-iPad" */;
			buildPhases = (
				773AB0D419CF24BC009B46BA /* Sources */,
				773AB0D519CF24BC009B46BA /* Frameworks */,
				773AB0D619CF24BC009B46BA /* Resources */,
			);
			buildRules = (
			);
			dependencies = (
			);
			name = "IntegrationSNS-iPad";
			productName = "IntegrationSNS-iPad";
			productReference = 773AB0D819CF24BC009B46BA /* IntegrationSNS-iPad.app */;
			productType = "com.apple.product-type.application";
		};
		773AB0F019CF24BC009B46BA /* IntegrationSNS-iPadTests */ = {
			isa = PBXNativeTarget;
			buildConfigurationList = 773AB0FE19CF24BC009B46BA /* Build configuration list for PBXNativeTarget "IntegrationSNS-iPadTests" */;
			buildPhases = (
				773AB0ED19CF24BC009B46BA /* Sources */,
				773AB0EE19CF24BC009B46BA /* Frameworks */,
				773AB0EF19CF24BC009B46BA /* Resources */,
			);
			buildRules = (
			);
			dependencies = (
				773AB0F319CF24BC009B46BA /* PBXTargetDependency */,
			);
			name = "IntegrationSNS-iPadTests";
			productName = "IntegrationSNS-iPadTests";
			productReference = 773AB0F119CF24BC009B46BA /* IntegrationSNS-iPadTests.xctest */;
			productType = "com.apple.product-type.bundle.unit-test";
		};
/* End PBXNativeTarget section */

/* Begin PBXProject section */
		773AB0D019CF24BC009B46BA /* Project object */ = {
			isa = PBXProject;
			attributes = {
				LastUpgradeCheck = 0600;
				ORGANIZATIONNAME = RyousukeKushihata;
				TargetAttributes = {
					773AB0D719CF24BC009B46BA = {
						CreatedOnToolsVersion = 6.0;
						DevelopmentTeam = KB9Y4MNM98;
						SystemCapabilities = {
							com.apple.iCloud = {
								enabled = 0;
							};
						};
					};
					773AB0F019CF24BC009B46BA = {
						CreatedOnToolsVersion = 6.0;
						TestTargetID = 773AB0D719CF24BC009B46BA;
					};
				};
			};
			buildConfigurationList = 773AB0D319CF24BC009B46BA /* Build configuration list for PBXProject "IntegrationSNS-iPad" */;
			compatibilityVersion = "Xcode 3.2";
			developmentRegion = English;
			hasScannedForEncodings = 0;
			knownRegions = (
				en,
				Base,
			);
			mainGroup = 773AB0CF19CF24BC009B46BA;
			productRefGroup = 773AB0D919CF24BC009B46BA /* Products */;
			projectDirPath = "";
			projectRoot = "";
			targets = (
				773AB0D719CF24BC009B46BA /* IntegrationSNS-iPad */,
				773AB0F019CF24BC009B46BA /* IntegrationSNS-iPadTests */,
			);
		};
/* End PBXProject section */

/* Begin PBXResourcesBuildPhase section */
		773AB0D619CF24BC009B46BA /* Resources */ = {
			isa = PBXResourcesBuildPhase;
			buildActionMask = 2147483647;
			files = (
				77F916D619DFE99500F26D7F /* icon-info.png in Resources */,
				77F916D819DFE99500F26D7F /* icon-success.png in Resources */,
				773AB0E719CF24BC009B46BA /* Main.storyboard in Resources */,
				77F916D519DFE99500F26D7F /* icon-error@2x.png in Resources */,
				77F916D919DFE99500F26D7F /* icon-success@2x.png in Resources */,
				773AB0EC19CF24BC009B46BA /* LaunchScreen.xib in Resources */,
				773AB0E919CF24BC009B46BA /* Images.xcassets in Resources */,
				77F916DB19DFE99500F26D7F /* TWMessageBarManager.podspec in Resources */,
				77F916D419DFE99500F26D7F /* icon-error.png in Resources */,
				77F916D719DFE99500F26D7F /* icon-info@2x.png in Resources */,
			);
			runOnlyForDeploymentPostprocessing = 0;
		};
		773AB0EF19CF24BC009B46BA /* Resources */ = {
			isa = PBXResourcesBuildPhase;
			buildActionMask = 2147483647;
			files = (
			);
			runOnlyForDeploymentPostprocessing = 0;
		};
/* End PBXResourcesBuildPhase section */

/* Begin PBXSourcesBuildPhase section */
		773AB0D419CF24BC009B46BA /* Sources */ = {
			isa = PBXSourcesBuildPhase;
			buildActionMask = 2147483647;
			files = (
				77F916DA19DFE99500F26D7F /* TWMessageBarManager.m in Sources */,
				77F2521719CF31C100DC9DEF /* MODropAlertView.m in Sources */,
				77F2521819CF31C100DC9DEF /* UIImage+ImageEffects.m in Sources */,
				77F916DF19E00CE700F26D7F /* Reachability.m in Sources */,
				773AB0E419CF24BC009B46BA /* ViewController.m in Sources */,
				773AB0E119CF24BC009B46BA /* AppDelegate.m in Sources */,
				773AB0DE19CF24BC009B46BA /* main.m in Sources */,
			);
			runOnlyForDeploymentPostprocessing = 0;
		};
		773AB0ED19CF24BC009B46BA /* Sources */ = {
			isa = PBXSourcesBuildPhase;
			buildActionMask = 2147483647;
			files = (
				773AB0F819CF24BC009B46BA /* IntegrationSNS_iPadTests.m in Sources */,
			);
			runOnlyForDeploymentPostprocessing = 0;
		};
/* End PBXSourcesBuildPhase section */

/* Begin PBXTargetDependency section */
		773AB0F319CF24BC009B46BA /* PBXTargetDependency */ = {
			isa = PBXTargetDependency;
			target = 773AB0D719CF24BC009B46BA /* IntegrationSNS-iPad */;
			targetProxy = 773AB0F219CF24BC009B46BA /* PBXContainerItemProxy */;
		};
/* End PBXTargetDependency section */

/* Begin PBXVariantGroup section */
		773AB0E519CF24BC009B46BA /* Main.storyboard */ = {
			isa = PBXVariantGroup;
			children = (
				773AB0E619CF24BC009B46BA /* Base */,
			);
			name = Main.storyboard;
			sourceTree = "<group>";
		};
		773AB0EA19CF24BC009B46BA /* LaunchScreen.xib */ = {
			isa = PBXVariantGroup;
			children = (
				773AB0EB19CF24BC009B46BA /* Base */,
			);
			name = LaunchScreen.xib;
			sourceTree = "<group>";
		};
/* End PBXVariantGroup section */

/* Begin XCBuildConfiguration section */
		773AB0F919CF24BC009B46BA /* Debug */ = {
			isa = XCBuildConfiguration;
			buildSettings = {
				ALWAYS_SEARCH_USER_PATHS = NO;
				CLANG_CXX_LANGUAGE_STANDARD = "gnu++0x";
				CLANG_CXX_LIBRARY = "libc++";
				CLANG_ENABLE_MODULES = YES;
				CLANG_ENABLE_OBJC_ARC = YES;
				CLANG_WARN_BOOL_CONVERSION = YES;
				CLANG_WARN_CONSTANT_CONVERSION = YES;
				CLANG_WARN_DIRECT_OBJC_ISA_USAGE = YES_ERROR;
				CLANG_WARN_EMPTY_BODY = YES;
				CLANG_WARN_ENUM_CONVERSION = YES;
				CLANG_WARN_INT_CONVERSION = YES;
				CLANG_WARN_OBJC_ROOT_CLASS = YES_ERROR;
				CLANG_WARN_UNREACHABLE_CODE = YES;
				CLANG_WARN__DUPLICATE_METHOD_MATCH = YES;
				"CODE_SIGN_IDENTITY[sdk=iphoneos*]" = "iPhone Developer";
				COPY_PHASE_STRIP = NO;
				ENABLE_STRICT_OBJC_MSGSEND = YES;
				GCC_C_LANGUAGE_STANDARD = gnu99;
				GCC_DYNAMIC_NO_PIC = NO;
				GCC_OPTIMIZATION_LEVEL = 0;
				GCC_PREPROCESSOR_DEFINITIONS = (
					"DEBUG=1",
					"$(inherited)",
				);
				GCC_SYMBOLS_PRIVATE_EXTERN = NO;
				GCC_WARN_64_TO_32_BIT_CONVERSION = YES;
				GCC_WARN_ABOUT_RETURN_TYPE = YES_ERROR;
				GCC_WARN_UNDECLARED_SELECTOR = YES;
				GCC_WARN_UNINITIALIZED_AUTOS = YES_AGGRESSIVE;
				GCC_WARN_UNUSED_FUNCTION = YES;
				GCC_WARN_UNUSED_VARIABLE = YES;
				IPHONEOS_DEPLOYMENT_TARGET = 8.0;
				MTL_ENABLE_DEBUG_INFO = YES;
				ONLY_ACTIVE_ARCH = YES;
				SDKROOT = iphoneos;
				TARGETED_DEVICE_FAMILY = 2;
			};
			name = Debug;
		};
		773AB0FA19CF24BC009B46BA /* Release */ = {
			isa = XCBuildConfiguration;
			buildSettings = {
				ALWAYS_SEARCH_USER_PATHS = NO;
				CLANG_CXX_LANGUAGE_STANDARD = "gnu++0x";
				CLANG_CXX_LIBRARY = "libc++";
				CLANG_ENABLE_MODULES = YES;
				CLANG_ENABLE_OBJC_ARC = YES;
				CLANG_WARN_BOOL_CONVERSION = YES;
				CLANG_WARN_CONSTANT_CONVERSION = YES;
				CLANG_WARN_DIRECT_OBJC_ISA_USAGE = YES_ERROR;
				CLANG_WARN_EMPTY_BODY = YES;
				CLANG_WARN_ENUM_CONVERSION = YES;
				CLANG_WARN_INT_CONVERSION = YES;
				CLANG_WARN_OBJC_ROOT_CLASS = YES_ERROR;
				CLANG_WARN_UNREACHABLE_CODE = YES;
				CLANG_WARN__DUPLICATE_METHOD_MATCH = YES;
				"CODE_SIGN_IDENTITY[sdk=iphoneos*]" = "iPhone Developer";
				COPY_PHASE_STRIP = YES;
				ENABLE_NS_ASSERTIONS = NO;
				ENABLE_STRICT_OBJC_MSGSEND = YES;
				GCC_C_LANGUAGE_STANDARD = gnu99;
				GCC_WARN_64_TO_32_BIT_CONVERSION = YES;
				GCC_WARN_ABOUT_RETURN_TYPE = YES_ERROR;
				GCC_WARN_UNDECLARED_SELECTOR = YES;
				GCC_WARN_UNINITIALIZED_AUTOS = YES_AGGRESSIVE;
				GCC_WARN_UNUSED_FUNCTION = YES;
				GCC_WARN_UNUSED_VARIABLE = YES;
				IPHONEOS_DEPLOYMENT_TARGET = 8.0;
				MTL_ENABLE_DEBUG_INFO = NO;
				SDKROOT = iphoneos;
				TARGETED_DEVICE_FAMILY = 2;
				VALIDATE_PRODUCT = YES;
			};
			name = Release;
		};
		773AB0FC19CF24BC009B46BA /* Debug */ = {
			isa = XCBuildConfiguration;
			buildSettings = {
				ASSETCATALOG_COMPILER_APPICON_NAME = AppIcon;
				CODE_SIGN_IDENTITY = "iPhone Developer";
				INFOPLIST_FILE = "IntegrationSNS-iPad/Info.plist";
				LD_RUNPATH_SEARCH_PATHS = "$(inherited) @executable_path/Frameworks";
				PRODUCT_NAME = "$(TARGET_NAME)";
			};
			name = Debug;
		};
		773AB0FD19CF24BC009B46BA /* Release */ = {
			isa = XCBuildConfiguration;
			buildSettings = {
				ASSETCATALOG_COMPILER_APPICON_NAME = AppIcon;
				CODE_SIGN_IDENTITY = "iPhone Developer";
				INFOPLIST_FILE = "IntegrationSNS-iPad/Info.plist";
				LD_RUNPATH_SEARCH_PATHS = "$(inherited) @executable_path/Frameworks";
				PRODUCT_NAME = "$(TARGET_NAME)";
			};
			name = Release;
		};
		773AB0FF19CF24BC009B46BA /* Debug */ = {
			isa = XCBuildConfiguration;
			buildSettings = {
				BUNDLE_LOADER = "$(TEST_HOST)";
				FRAMEWORK_SEARCH_PATHS = (
					"$(SDKROOT)/Developer/Library/Frameworks",
					"$(inherited)",
				);
				GCC_PREPROCESSOR_DEFINITIONS = (
					"DEBUG=1",
					"$(inherited)",
				);
				INFOPLIST_FILE = "IntegrationSNS-iPadTests/Info.plist";
				LD_RUNPATH_SEARCH_PATHS = "$(inherited) @executable_path/Frameworks @loader_path/Frameworks";
				PRODUCT_NAME = "$(TARGET_NAME)";
				TEST_HOST = "$(BUILT_PRODUCTS_DIR)/IntegrationSNS-iPad.app/IntegrationSNS-iPad";
			};
			name = Debug;
		};
		773AB10019CF24BC009B46BA /* Release */ = {
			isa = XCBuildConfiguration;
			buildSettings = {
				BUNDLE_LOADER = "$(TEST_HOST)";
				FRAMEWORK_SEARCH_PATHS = (
					"$(SDKROOT)/Developer/Library/Frameworks",
					"$(inherited)",
				);
				INFOPLIST_FILE = "IntegrationSNS-iPadTests/Info.plist";
				LD_RUNPATH_SEARCH_PATHS = "$(inherited) @executable_path/Frameworks @loader_path/Frameworks";
				PRODUCT_NAME = "$(TARGET_NAME)";
				TEST_HOST = "$(BUILT_PRODUCTS_DIR)/IntegrationSNS-iPad.app/IntegrationSNS-iPad";
			};
			name = Release;
		};
/* End XCBuildConfiguration section */

/* Begin XCConfigurationList section */
		773AB0D319CF24BC009B46BA /* Build configuration list for PBXProject "IntegrationSNS-iPad" */ = {
			isa = XCConfigurationList;
			buildConfigurations = (
				773AB0F919CF24BC009B46BA /* Debug */,
				773AB0FA19CF24BC009B46BA /* Release */,
			);
			defaultConfigurationIsVisible = 0;
			defaultConfigurationName = Release;
		};
		773AB0FB19CF24BC009B46BA /* Build configuration list for PBXNativeTarget "IntegrationSNS-iPad" */ = {
			isa = XCConfigurationList;
			buildConfigurations = (
				773AB0FC19CF24BC009B46BA /* Debug */,
				773AB0FD19CF24BC009B46BA /* Release */,
			);
			defaultConfigurationIsVisible = 0;
			defaultConfigurationName = Release;
		};
		773AB0FE19CF24BC009B46BA /* Build configuration list for PBXNativeTarget "IntegrationSNS-iPadTests" */ = {
			isa = XCConfigurationList;
			buildConfigurations = (
				773AB0FF19CF24BC009B46BA /* Debug */,
				773AB10019CF24BC009B46BA /* Release */,
			);
			defaultConfigurationIsVisible = 0;
			defaultConfigurationName = Release;
		};
/* End XCConfigurationList section */
	};
	rootObject = 773AB0D019CF24BC009B46BA /* Project object */;
}
